{
  "version": 4,
  "terraform_version": "0.15.1",
  "serial": 35,
  "lineage": "34e35a9d-1880-7f3d-34f5-21df742b11eb",
  "outputs": {},
  "resources": [
    {
      "mode": "data",
      "type": "aws_ami",
      "name": "waypoint-ami",
      "provider": "provider[\"registry.terraform.io/hashicorp/aws\"]",
      "instances": [
        {
          "schema_version": 0,
          "attributes": {
            "architecture": "x86_64",
            "arn": "arn:aws:ec2:us-east-1::image/ami-00313d879cff259c5",
            "block_device_mappings": [
              {
                "device_name": "/dev/xvda",
                "ebs": {
                  "delete_on_termination": "true",
                  "encrypted": "true",
                  "iops": "0",
                  "snapshot_id": "snap-03f24ef68ee2ffaf6",
                  "throughput": "0",
                  "volume_size": "8",
                  "volume_type": "gp2"
                },
                "no_device": "",
                "virtual_name": ""
              }
            ],
            "creation_date": "2021-06-08T04:20:57.000Z",
            "description": "An AMI sourced from Linux2 that hosts a Waypoint server",
            "ena_support": true,
            "executable_users": null,
            "filter": [
              {
                "name": "is-public",
                "values": [
                  "false"
                ]
              },
              {
                "name": "virtualization-type",
                "values": [
                  "hvm"
                ]
              }
            ],
            "hypervisor": "xen",
            "id": "ami-00313d879cff259c5",
            "image_id": "ami-00313d879cff259c5",
            "image_location": "140040602879/waypoint_linux2_08_Jun_2021",
            "image_owner_alias": null,
            "image_type": "machine",
            "kernel_id": null,
            "most_recent": true,
            "name": "waypoint_linux2_08_Jun_2021",
            "name_regex": "waypoint_linux2_*",
            "owner_id": "140040602879",
            "owners": [
              "self"
            ],
            "platform": null,
            "platform_details": "Linux/UNIX",
            "product_codes": [],
            "public": false,
            "ramdisk_id": null,
            "root_device_name": "/dev/xvda",
            "root_device_type": "ebs",
            "root_snapshot_id": "snap-03f24ef68ee2ffaf6",
            "sriov_net_support": "simple",
            "state": "available",
            "state_reason": {
              "code": "UNSET",
              "message": "UNSET"
            },
            "tags": {
              "Name": "waypoint_linux2_08_Jun_2021",
              "environment": "test",
              "packer": "true"
            },
            "usage_operation": "RunInstances",
            "virtualization_type": "hvm"
          },
          "sensitive_attributes": []
        }
      ]
    },
    {
      "mode": "managed",
      "type": "aws_iam_service_linked_role",
      "name": "autoscaling",
      "provider": "provider[\"registry.terraform.io/hashicorp/aws\"]",
      "instances": [
        {
          "schema_version": 0,
          "attributes": {
            "arn": "arn:aws:iam::140040602879:role/aws-service-role/autoscaling.amazonaws.com/AWSServiceRoleForAutoScaling_wpt",
            "aws_service_name": "autoscaling.amazonaws.com",
            "create_date": "2021-06-08T05:23:27Z",
            "custom_suffix": "wpt",
            "description": "A service linked role for autoscaling",
            "id": "arn:aws:iam::140040602879:role/aws-service-role/autoscaling.amazonaws.com/AWSServiceRoleForAutoScaling_wpt",
            "name": "AWSServiceRoleForAutoScaling_wpt",
            "path": "/aws-service-role/autoscaling.amazonaws.com/",
            "unique_id": "AROASBGYSAT756Y36O6UC"
          },
          "sensitive_attributes": [],
          "private": "bnVsbA=="
        }
      ]
    },
    {
      "module": "module.asg",
      "mode": "managed",
      "type": "aws_autoscaling_group",
      "name": "this",
      "provider": "provider[\"registry.terraform.io/hashicorp/aws\"]",
      "instances": []
    },
    {
      "module": "module.asg",
      "mode": "managed",
      "type": "aws_launch_configuration",
      "name": "this",
      "provider": "provider[\"registry.terraform.io/hashicorp/aws\"]",
      "instances": []
    },
    {
      "module": "module.asg",
      "mode": "managed",
      "type": "aws_launch_template",
      "name": "this",
      "provider": "provider[\"registry.terraform.io/hashicorp/aws\"]",
      "instances": [
        {
          "index_key": 0,
          "schema_version": 0,
          "attributes": {
            "arn": "arn:aws:ec2:us-east-1:140040602879:launch-template/lt-084d446a1aafe2c82",
            "block_device_mappings": [],
            "capacity_reservation_specification": [],
            "cpu_options": [],
            "credit_specification": [],
            "default_version": 1,
            "description": "A launch template for deploying Waypoint",
            "disable_api_termination": false,
            "ebs_optimized": "false",
            "elastic_gpu_specifications": [],
            "elastic_inference_accelerator": [],
            "enclave_options": [],
            "hibernation_options": [],
            "iam_instance_profile": [],
            "id": "lt-084d446a1aafe2c82",
            "image_id": "ami-00313d879cff259c5",
            "instance_initiated_shutdown_behavior": "",
            "instance_market_options": [
              {
                "market_type": "spot",
                "spot_options": [
                  {
                    "block_duration_minutes": 60,
                    "instance_interruption_behavior": "",
                    "max_price": "",
                    "spot_instance_type": "",
                    "valid_until": ""
                  }
                ]
              }
            ],
            "instance_type": "t2.micro",
            "kernel_id": "",
            "key_name": "",
            "latest_version": 1,
            "license_specification": [],
            "metadata_options": [
              {
                "http_endpoint": "enabled",
                "http_put_response_hop_limit": 32,
                "http_tokens": "required"
              }
            ],
            "monitoring": [
              {
                "enabled": false
              }
            ],
            "name": "waypoint-deployment-asg-20210608052326920500000001",
            "name_prefix": "waypoint-deployment-asg-",
            "network_interfaces": [],
            "placement": [],
            "ram_disk_id": "",
            "security_group_names": null,
            "tag_specifications": [],
            "tags": {
              "environment": "test",
              "terraform_managed": "true"
            },
            "tags_all": {
              "environment": "test",
              "terraform_managed": "true"
            },
            "update_default_version": true,
            "user_data": "",
            "vpc_security_group_ids": null
          },
          "sensitive_attributes": [],
          "private": "bnVsbA==",
          "dependencies": [
            "data.aws_ami.waypoint-ami"
          ],
          "create_before_destroy": true
        }
      ]
    },
    {
      "module": "module.asg",
      "mode": "managed",
      "type": "null_resource",
      "name": "tags_as_list_of_maps",
      "provider": "provider[\"registry.terraform.io/hashicorp/null\"]",
      "instances": [
        {
          "index_key": 0,
          "schema_version": 0,
          "attributes": {
            "id": "6434935949869488265",
            "triggers": {
              "key": "environment",
              "propagate_at_launch": "true",
              "value": "test"
            }
          },
          "sensitive_attributes": [],
          "private": "bnVsbA==",
          "create_before_destroy": true
        },
        {
          "index_key": 1,
          "schema_version": 0,
          "attributes": {
            "id": "336248059856296689",
            "triggers": {
              "key": "terraform_managed",
              "propagate_at_launch": "true",
              "value": "true"
            }
          },
          "sensitive_attributes": [],
          "private": "bnVsbA==",
          "create_before_destroy": true
        }
      ]
    }
  ]
}
